
Microsoft Visual Studio Solution File, Format Version 12.00
# Visual Studio Version 17
VisualStudioVersion = 17.13.35818.85 d17.13
MinimumVisualStudioVersion = 10.0.40219.1
Project("{FAE04EC0-301F-11D3-BF4B-00C04F79EFBC}") = "first_task", "first_task\first_task.csproj", "{6A90C632-0926-4031-9287-6AEE75D33F62}"
EndProject
Global
	GlobalSection(SolutionConfigurationPlatforms) = preSolution
		Debug|Any CPU = Debug|Any CPU
		Release|Any CPU = Release|Any CPU
	EndGlobalSection
	GlobalSection(ProjectConfigurationPlatforms) = postSolution
		{6A90C632-0926-4031-9287-6AEE75D33F62}.Debug|Any CPU.ActiveCfg = Debug|Any CPU
		{6A90C632-0926-4031-9287-6AEE75D33F62}.Debug|Any CPU.Build.0 = Debug|Any CPU
		{6A90C632-0926-4031-9287-6AEE75D33F62}.Release|Any CPU.ActiveCfg = Release|Any CPU
		{6A90C632-0926-4031-9287-6AEE75D33F62}.Release|Any CPU.Build.0 = Release|Any CPU
	EndGlobalSection
	GlobalSection(SolutionProperties) = preSolution
		HideSolutionNode = FALSE
	EndGlobalSection
	GlobalSection(ExtensibilityGlobals) = postSolution
		SolutionGuid = {EF66D417-B9D7-4C18-BCF1-7B6D64F5CB29}
	EndGlobalSection
EndGlobal
